<?xml version="1.0" encoding="utf-8"?>
<Project ToolsVersion="4.0" xmlns="http://schemas.microsoft.com/developer/msbuild/2003">
  <ItemGroup>
    <Filter Include="源文件">
      <UniqueIdentifier>{4FC737F1-C7A5-4376-A066-2A32D752A2FF}</UniqueIdentifier>
      <Extensions>cpp;c;cc;cxx;c++;cppm;ixx;def;odl;idl;hpj;bat;asm;asmx</Extensions>
    </Filter>
    <Filter Include="头文件">
      <UniqueIdentifier>{93995380-89BD-4b04-88EB-625FBE52EBFB}</UniqueIdentifier>
      <Extensions>h;hh;hpp;hxx;h++;hm;inl;inc;ipp;xsd</Extensions>
    </Filter>
    <Filter Include="资源文件">
      <UniqueIdentifier>{67DA6AB6-F800-4c08-8B7A-83BB121AAD01}</UniqueIdentifier>
      <Extensions>rc;ico;cur;bmp;dlg;rc2;rct;bin;rgs;gif;jpg;jpeg;jpe;resx;tiff;tif;png;wav;mfcribbon-ms</Extensions>
    </Filter>
  </ItemGroup>
  <ItemGroup>
    <None Include="ClassDiagram.cd" />
  </ItemGroup>
  <ItemGroup>
    <ClCompile Include="src\camera\Camera.cpp">
      <Filter>源文件</Filter>
    </ClCompile>
    <ClCompile Include="src\camera\OrthoCamara.cpp">
      <Filter>源文件</Filter>
    </ClCompile>
    <ClCompile Include="src\camera\PerspecCamera.cpp">
      <Filter>源文件</Filter>
    </ClCompile>
    <ClCompile Include="src\control\Control.cpp">
      <Filter>源文件</Filter>
    </ClCompile>
    <ClCompile Include="src\control\FPSControl.cpp">
      <Filter>源文件</Filter>
    </ClCompile>
    <ClCompile Include="src\core\Color.cpp">
      <Filter>源文件</Filter>
    </ClCompile>
    <ClCompile Include="src\core\Context.cpp">
      <Filter>源文件</Filter>
    </ClCompile>
    <ClCompile Include="src\core\Object3D.cpp">
      <Filter>源文件</Filter>
    </ClCompile>
    <ClCompile Include="src\core\Renderer.cpp">
      <Filter>源文件</Filter>
    </ClCompile>
    <ClCompile Include="src\core\Scene.cpp">
      <Filter>源文件</Filter>
    </ClCompile>
    <ClCompile Include="src\core\Window.cpp">
      <Filter>源文件</Filter>
    </ClCompile>
    <ClCompile Include="src\geometry\Attribute.cpp">
      <Filter>源文件</Filter>
    </ClCompile>
    <ClCompile Include="src\geometry\BoxGeometry.cpp">
      <Filter>源文件</Filter>
    </ClCompile>
    <ClCompile Include="src\geometry\Geometry.cpp">
      <Filter>源文件</Filter>
    </ClCompile>
    <ClCompile Include="src\geometry\GeometryVAO.cpp">
      <Filter>源文件</Filter>
    </ClCompile>
    <ClCompile Include="src\geometry\PlaneGeometry.cpp">
      <Filter>源文件</Filter>
    </ClCompile>
    <ClCompile Include="src\material\CommonMaterial.cpp">
      <Filter>源文件</Filter>
    </ClCompile>
    <ClCompile Include="src\material\Material.cpp">
      <Filter>源文件</Filter>
    </ClCompile>
    <ClCompile Include="src\pch.cpp">
      <Filter>源文件</Filter>
    </ClCompile>
    <ClCompile Include="src\shader\Shader.cpp">
      <Filter>源文件</Filter>
    </ClCompile>
    <ClCompile Include="src\shader\StaticShader.cpp">
      <Filter>源文件</Filter>
    </ClCompile>
    <ClCompile Include="src\texture\ImageTexture.cpp">
      <Filter>源文件</Filter>
    </ClCompile>
    <ClCompile Include="src\texture\Texture.cpp">
      <Filter>源文件</Filter>
    </ClCompile>
    <ClCompile Include="..\externals\src\glad.c">
      <Filter>源文件</Filter>
    </ClCompile>
    <ClCompile Include="src\core\Proxy.cpp">
      <Filter>源文件</Filter>
    </ClCompile>
    <ClCompile Include="src\util\Logger.cpp">
      <Filter>源文件</Filter>
    </ClCompile>
    <ClCompile Include="src\material\BlinnPhongMaterial.cpp">
      <Filter>源文件</Filter>
    </ClCompile>
    <ClCompile Include="src\light\DirectionalLight.cpp">
      <Filter>源文件</Filter>
    </ClCompile>
    <ClCompile Include="src\light\Light.cpp">
      <Filter>源文件</Filter>
    </ClCompile>
    <ClCompile Include="src\light\PointLight.cpp">
      <Filter>源文件</Filter>
    </ClCompile>
    <ClCompile Include="src\light\SpotLight.cpp">
      <Filter>源文件</Filter>
    </ClCompile>
    <ClCompile Include="src\shader\IncludeShader.cpp">
      <Filter>源文件</Filter>
    </ClCompile>
    <ClCompile Include="src\shader\UBO.cpp">
      <Filter>源文件</Filter>
    </ClCompile>
    <ClCompile Include="src\shader\Uniform.cpp">
      <Filter>源文件</Filter>
    </ClCompile>
    <ClCompile Include="src\util\Math.cpp">
      <Filter>源文件</Filter>
    </ClCompile>
  </ItemGroup>
  <ItemGroup>
    <ClInclude Include="include\camera\Camera.h">
      <Filter>头文件</Filter>
    </ClInclude>
    <ClInclude Include="include\camera\OrthoCamera.h">
      <Filter>头文件</Filter>
    </ClInclude>
    <ClInclude Include="include\camera\PerspecCamera.h">
      <Filter>头文件</Filter>
    </ClInclude>
    <ClInclude Include="include\control\Control.h">
      <Filter>头文件</Filter>
    </ClInclude>
    <ClInclude Include="include\control\FPSControl.h">
      <Filter>头文件</Filter>
    </ClInclude>
    <ClInclude Include="include\core\Color.h">
      <Filter>头文件</Filter>
    </ClInclude>
    <ClInclude Include="include\core\Context.h">
      <Filter>头文件</Filter>
    </ClInclude>
    <ClInclude Include="include\core\Object3D.h">
      <Filter>头文件</Filter>
    </ClInclude>
    <ClInclude Include="include\core\Proxy.h">
      <Filter>头文件</Filter>
    </ClInclude>
    <ClInclude Include="include\core\Renderer.h">
      <Filter>头文件</Filter>
    </ClInclude>
    <ClInclude Include="include\core\Scene.h">
      <Filter>头文件</Filter>
    </ClInclude>
    <ClInclude Include="include\core\Window.h">
      <Filter>头文件</Filter>
    </ClInclude>
    <ClInclude Include="include\debug.h">
      <Filter>头文件</Filter>
    </ClInclude>
    <ClInclude Include="include\def.h">
      <Filter>头文件</Filter>
    </ClInclude>
    <ClInclude Include="include\geometry\Attribute.h">
      <Filter>头文件</Filter>
    </ClInclude>
    <ClInclude Include="include\geometry\BoxGeometry.h">
      <Filter>头文件</Filter>
    </ClInclude>
    <ClInclude Include="include\geometry\Geometry.h">
      <Filter>头文件</Filter>
    </ClInclude>
    <ClInclude Include="include\geometry\GeometryVAO.h">
      <Filter>头文件</Filter>
    </ClInclude>
    <ClInclude Include="include\geometry\PlaneGeometry.h">
      <Filter>头文件</Filter>
    </ClInclude>
    <ClInclude Include="include\material\CommonMaterial.h">
      <Filter>头文件</Filter>
    </ClInclude>
    <ClInclude Include="include\material\Material.h">
      <Filter>头文件</Filter>
    </ClInclude>
    <ClInclude Include="include\pch.h">
      <Filter>头文件</Filter>
    </ClInclude>
    <ClInclude Include="include\shader\Shader.h">
      <Filter>头文件</Filter>
    </ClInclude>
    <ClInclude Include="include\shader\StaticShader.h">
      <Filter>头文件</Filter>
    </ClInclude>
    <ClInclude Include="include\texture\ImageTexture.h">
      <Filter>头文件</Filter>
    </ClInclude>
    <ClInclude Include="include\texture\Texture.h">
      <Filter>头文件</Filter>
    </ClInclude>
    <ClInclude Include="include\util\Logger.h">
      <Filter>头文件</Filter>
    </ClInclude>
    <ClInclude Include="include\core\State.h">
      <Filter>头文件</Filter>
    </ClInclude>
    <ClInclude Include="include\light\DirectionalLight.h">
      <Filter>头文件</Filter>
    </ClInclude>
    <ClInclude Include="include\light\Light.h">
      <Filter>头文件</Filter>
    </ClInclude>
    <ClInclude Include="include\light\PointLight.h">
      <Filter>头文件</Filter>
    </ClInclude>
    <ClInclude Include="include\light\SpotLight.h">
      <Filter>头文件</Filter>
    </ClInclude>
    <ClInclude Include="include\material\BlinnPhongMaterial.h">
      <Filter>头文件</Filter>
    </ClInclude>
    <ClInclude Include="include\shader\chunk\DirectionalLightChunk.h">
      <Filter>头文件</Filter>
    </ClInclude>
    <ClInclude Include="include\shader\chunk\PointLightChunk.h">
      <Filter>头文件</Filter>
    </ClInclude>
    <ClInclude Include="include\shader\chunk\ShaderChunk.h">
      <Filter>头文件</Filter>
    </ClInclude>
    <ClInclude Include="include\shader\chunk\SpotLightChunk.h">
      <Filter>头文件</Filter>
    </ClInclude>
    <ClInclude Include="include\shader\IncludeShader.h">
      <Filter>头文件</Filter>
    </ClInclude>
    <ClInclude Include="include\shader\UBO.h">
      <Filter>头文件</Filter>
    </ClInclude>
    <ClInclude Include="include\shader\Uniform.h">
      <Filter>头文件</Filter>
    </ClInclude>
    <ClInclude Include="include\util\Math.h">
      <Filter>头文件</Filter>
    </ClInclude>
  </ItemGroup>
</Project>